
Microsoft Visual Studio Solution File, Format Version 12.00
# Visual Studio Version 17
VisualStudioVersion = 17.6.33829.357
MinimumVisualStudioVersion = 10.0.40219.1
Project("{FAE04EC0-301F-11D3-BF4B-00C04F79EFBC}") = "EntityFrameworkUsingDataAccessLayers", "EntityFrameworkUsingDataAccessLayers\EntityFrameworkUsingDataAccessLayers.csproj", "{0DEC4DF5-11FD-4EC0-8E28-9284707187A7}"
EndProject
Global
	GlobalSection(SolutionConfigurationPlatforms) = preSolution
		Debug|Any CPU = Debug|Any CPU
		Release|Any CPU = Release|Any CPU
	EndGlobalSection
	GlobalSection(ProjectConfigurationPlatforms) = postSolution
		{0DEC4DF5-11FD-4EC0-8E28-9284707187A7}.Debug|Any CPU.ActiveCfg = Debug|Any CPU
		{0DEC4DF5-11FD-4EC0-8E28-9284707187A7}.Debug|Any CPU.Build.0 = Debug|Any CPU
		{0DEC4DF5-11FD-4EC0-8E28-9284707187A7}.Release|Any CPU.ActiveCfg = Release|Any CPU
		{0DEC4DF5-11FD-4EC0-8E28-9284707187A7}.Release|Any CPU.Build.0 = Release|Any CPU
	EndGlobalSection
	GlobalSection(SolutionProperties) = preSolution
		HideSolutionNode = FALSE
	EndGlobalSection
	GlobalSection(ExtensibilityGlobals) = postSolution
		SolutionGuid = {11992491-2350-40BE-84CF-BEC9DB7BBF01}
	EndGlobalSection
EndGlobal
